
Microsoft Visual Studio Solution File, Format Version 12.00
# Visual Studio Version 17
VisualStudioVersion = 17.5.33627.172
MinimumVisualStudioVersion = 10.0.40219.1
Project("{FAE04EC0-301F-11D3-BF4B-00C04F79EFBC}") = "NLayer.Core", "NLayer.Core\NLayer.Core.csproj", "{96405A76-C6E5-41E9-89AE-EE4B4766FAF6}"
EndProject
Project("{FAE04EC0-301F-11D3-BF4B-00C04F79EFBC}") = "NLayer.Repository", "NLayer.Repository\NLayer.Repository.csproj", "{33CDA103-25DD-4C83-8013-9604DC811841}"
EndProject
Project("{FAE04EC0-301F-11D3-BF4B-00C04F79EFBC}") = "NLayer.Service", "NLayer.Service\NLayer.Service.csproj", "{4287570F-0B08-4EA2-A39B-F3CBBEDCAB27}"
EndProject
Project("{FAE04EC0-301F-11D3-BF4B-00C04F79EFBC}") = "NLayer.API", "NLayer.API\NLayer.API.csproj", "{23005492-6038-47DD-9791-512950C2F1E3}"
EndProject
Project("{FAE04EC0-301F-11D3-BF4B-00C04F79EFBC}") = "NLayer.Web", "NLayer.Web\NLayer.Web.csproj", "{7FF3D323-718E-48D4-B4BB-CD062B3F3814}"
EndProject
Project("{FAE04EC0-301F-11D3-BF4B-00C04F79EFBC}") = "NLayer.Caching", "NLayer.Caching\NLayer.Caching.csproj", "{04144FF4-1A01-43EF-A5AE-6C9E8263C22B}"
EndProject
Global
	GlobalSection(SolutionConfigurationPlatforms) = preSolution
		Debug|Any CPU = Debug|Any CPU
		Release|Any CPU = Release|Any CPU
	EndGlobalSection
	GlobalSection(ProjectConfigurationPlatforms) = postSolution
		{96405A76-C6E5-41E9-89AE-EE4B4766FAF6}.Debug|Any CPU.ActiveCfg = Debug|Any CPU
		{96405A76-C6E5-41E9-89AE-EE4B4766FAF6}.Debug|Any CPU.Build.0 = Debug|Any CPU
		{96405A76-C6E5-41E9-89AE-EE4B4766FAF6}.Release|Any CPU.ActiveCfg = Release|Any CPU
		{96405A76-C6E5-41E9-89AE-EE4B4766FAF6}.Release|Any CPU.Build.0 = Release|Any CPU
		{33CDA103-25DD-4C83-8013-9604DC811841}.Debug|Any CPU.ActiveCfg = Debug|Any CPU
		{33CDA103-25DD-4C83-8013-9604DC811841}.Debug|Any CPU.Build.0 = Debug|Any CPU
		{33CDA103-25DD-4C83-8013-9604DC811841}.Release|Any CPU.ActiveCfg = Release|Any CPU
		{33CDA103-25DD-4C83-8013-9604DC811841}.Release|Any CPU.Build.0 = Release|Any CPU
		{4287570F-0B08-4EA2-A39B-F3CBBEDCAB27}.Debug|Any CPU.ActiveCfg = Debug|Any CPU
		{4287570F-0B08-4EA2-A39B-F3CBBEDCAB27}.Debug|Any CPU.Build.0 = Debug|Any CPU
		{4287570F-0B08-4EA2-A39B-F3CBBEDCAB27}.Release|Any CPU.ActiveCfg = Release|Any CPU
		{4287570F-0B08-4EA2-A39B-F3CBBEDCAB27}.Release|Any CPU.Build.0 = Release|Any CPU
		{23005492-6038-47DD-9791-512950C2F1E3}.Debug|Any CPU.ActiveCfg = Debug|Any CPU
		{23005492-6038-47DD-9791-512950C2F1E3}.Debug|Any CPU.Build.0 = Debug|Any CPU
		{23005492-6038-47DD-9791-512950C2F1E3}.Release|Any CPU.ActiveCfg = Release|Any CPU
		{23005492-6038-47DD-9791-512950C2F1E3}.Release|Any CPU.Build.0 = Release|Any CPU
		{7FF3D323-718E-48D4-B4BB-CD062B3F3814}.Debug|Any CPU.ActiveCfg = Debug|Any CPU
		{7FF3D323-718E-48D4-B4BB-CD062B3F3814}.Debug|Any CPU.Build.0 = Debug|Any CPU
		{7FF3D323-718E-48D4-B4BB-CD062B3F3814}.Release|Any CPU.ActiveCfg = Release|Any CPU
		{7FF3D323-718E-48D4-B4BB-CD062B3F3814}.Release|Any CPU.Build.0 = Release|Any CPU
		{04144FF4-1A01-43EF-A5AE-6C9E8263C22B}.Debug|Any CPU.ActiveCfg = Debug|Any CPU
		{04144FF4-1A01-43EF-A5AE-6C9E8263C22B}.Debug|Any CPU.Build.0 = Debug|Any CPU
		{04144FF4-1A01-43EF-A5AE-6C9E8263C22B}.Release|Any CPU.ActiveCfg = Release|Any CPU
		{04144FF4-1A01-43EF-A5AE-6C9E8263C22B}.Release|Any CPU.Build.0 = Release|Any CPU
	EndGlobalSection
	GlobalSection(SolutionProperties) = preSolution
		HideSolutionNode = FALSE
	EndGlobalSection
	GlobalSection(ExtensibilityGlobals) = postSolution
		SolutionGuid = {C27AF0C2-4F27-4D37-A1A2-A0B878A9745D}
	EndGlobalSection
EndGlobal
